
Microsoft Visual Studio Solution File, Format Version 12.00
# Visual Studio Version 16
VisualStudioVersion = 16.0.29728.190
MinimumVisualStudioVersion = 10.0.40219.1
Project("{9A19103F-16F7-4668-BE54-9A1E7A4F7556}") = "ISO3166", "ISO3166\ISO3166.csproj", "{1FCB6028-8C29-4584-9015-F3BDBA118517}"
EndProject
Project("{9A19103F-16F7-4668-BE54-9A1E7A4F7556}") = "ISO3166.Tests", "ISO3166.Tests\ISO3166.Tests.csproj", "{14186335-01BA-4495-B06E-6FE70B79C8A0}"
EndProject
Project("{9A19103F-16F7-4668-BE54-9A1E7A4F7556}") = "CldrImport", "CldrImport\CldrImport.csproj", "{8499E14A-C1DD-4EAE-95D3-3190AFF5AE09}"
EndProject
Global
	GlobalSection(SolutionConfigurationPlatforms) = preSolution
		Debug|Any CPU = Debug|Any CPU
		Release|Any CPU = Release|Any CPU
	EndGlobalSection
	GlobalSection(ProjectConfigurationPlatforms) = postSolution
		{1FCB6028-8C29-4584-9015-F3BDBA118517}.Debug|Any CPU.ActiveCfg = Debug|Any CPU
		{1FCB6028-8C29-4584-9015-F3BDBA118517}.Debug|Any CPU.Build.0 = Debug|Any CPU
		{1FCB6028-8C29-4584-9015-F3BDBA118517}.Release|Any CPU.ActiveCfg = Release|Any CPU
		{1FCB6028-8C29-4584-9015-F3BDBA118517}.Release|Any CPU.Build.0 = Release|Any CPU
		{14186335-01BA-4495-B06E-6FE70B79C8A0}.Debug|Any CPU.ActiveCfg = Debug|Any CPU
		{14186335-01BA-4495-B06E-6FE70B79C8A0}.Debug|Any CPU.Build.0 = Debug|Any CPU
		{14186335-01BA-4495-B06E-6FE70B79C8A0}.Release|Any CPU.ActiveCfg = Release|Any CPU
		{14186335-01BA-4495-B06E-6FE70B79C8A0}.Release|Any CPU.Build.0 = Release|Any CPU
		{8499E14A-C1DD-4EAE-95D3-3190AFF5AE09}.Debug|Any CPU.ActiveCfg = Debug|Any CPU
		{8499E14A-C1DD-4EAE-95D3-3190AFF5AE09}.Debug|Any CPU.Build.0 = Debug|Any CPU
		{8499E14A-C1DD-4EAE-95D3-3190AFF5AE09}.Release|Any CPU.ActiveCfg = Release|Any CPU
		{8499E14A-C1DD-4EAE-95D3-3190AFF5AE09}.Release|Any CPU.Build.0 = Release|Any CPU
	EndGlobalSection
	GlobalSection(SolutionProperties) = preSolution
		HideSolutionNode = FALSE
	EndGlobalSection
	GlobalSection(ExtensibilityGlobals) = postSolution
		SolutionGuid = {45201490-8299-481F-A3E6-5D01DD4E10E2}
	EndGlobalSection
EndGlobal
